// !$*UTF8*$!
{
	archiveVersion = 1;
	classes = {
	};
	objectVersion = 56;
	objects = {

/* Begin PBXBuildFile section */
		1038AD732BE5873B003E352F /* AppDelegate.swift in Sources */ = {isa = PBXBuildFile; fileRef = 1038AD722BE5873B003E352F /* AppDelegate.swift */; };
		1038AD752BE5873B003E352F /* SceneDelegate.swift in Sources */ = {isa = PBXBuildFile; fileRef = 1038AD742BE5873B003E352F /* SceneDelegate.swift */; };
		1038AD772BE5873B003E352F /* HomeController.swift in Sources */ = {isa = PBXBuildFile; fileRef = 1038AD762BE5873B003E352F /* HomeController.swift */; };
		1038AD7C2BE5873C003E352F /* Assets.xcassets in Resources */ = {isa = PBXBuildFile; fileRef = 1038AD7B2BE5873C003E352F /* Assets.xcassets */; };
		1038AD7F2BE5873C003E352F /* Base in Resources */ = {isa = PBXBuildFile; fileRef = 1038AD7E2BE5873C003E352F /* Base */; };
		10EFB2802BE6596000938603 /* Constants.swift in Sources */ = {isa = PBXBuildFile; fileRef = 10EFB27F2BE6596000938603 /* Constants.swift */; };
		10EFB2822BE663A700938603 /* CoinModel.swift in Sources */ = {isa = PBXBuildFile; fileRef = 10EFB2812BE663A700938603 /* CoinModel.swift */; };
		10EFB2842BE666CB00938603 /* CoinCell.swift in Sources */ = {isa = PBXBuildFile; fileRef = 10EFB2832BE666CB00938603 /* CoinCell.swift */; };
		10EFB2862BE6876A00938603 /* DetailController.swift in Sources */ = {isa = PBXBuildFile; fileRef = 10EFB2852BE6876A00938603 /* DetailController.swift */; };
		10EFB2912BE6A0D300938603 /* SDWebImageSVGNativeCoder in Frameworks */ = {isa = PBXBuildFile; productRef = 10EFB2902BE6A0D300938603 /* SDWebImageSVGNativeCoder */; };
/* End PBXBuildFile section */

/* Begin PBXFileReference section */
		1038AD6F2BE5873B003E352F /* CoinCo.app */ = {isa = PBXFileReference; explicitFileType = wrapper.application; includeInIndex = 0; path = CoinCo.app; sourceTree = BUILT_PRODUCTS_DIR; };
		1038AD722BE5873B003E352F /* AppDelegate.swift */ = {isa = PBXFileReference; lastKnownFileType = sourcecode.swift; path = AppDelegate.swift; sourceTree = "<group>"; };
		1038AD742BE5873B003E352F /* SceneDelegate.swift */ = {isa = PBXFileReference; lastKnownFileType = sourcecode.swift; path = SceneDelegate.swift; sourceTree = "<group>"; };
		1038AD762BE5873B003E352F /* HomeController.swift */ = {isa = PBXFileReference; lastKnownFileType = sourcecode.swift; path = HomeController.swift; sourceTree = "<group>"; };
		1038AD7B2BE5873C003E352F /* Assets.xcassets */ = {isa = PBXFileReference; lastKnownFileType = folder.assetcatalog; path = Assets.xcassets; sourceTree = "<group>"; };
		1038AD7E2BE5873C003E352F /* Base */ = {isa = PBXFileReference; lastKnownFileType = file.storyboard; name = Base; path = Base.lproj/LaunchScreen.storyboard; sourceTree = "<group>"; };
		1038AD802BE5873C003E352F /* Info.plist */ = {isa = PBXFileReference; lastKnownFileType = text.plist.xml; path = Info.plist; sourceTree = "<group>"; };
		10EFB27F2BE6596000938603 /* Constants.swift */ = {isa = PBXFileReference; lastKnownFileType = sourcecode.swift; path = Constants.swift; sourceTree = "<group>"; };
		10EFB2812BE663A700938603 /* CoinModel.swift */ = {isa = PBXFileReference; lastKnownFileType = sourcecode.swift; path = CoinModel.swift; sourceTree = "<group>"; };
		10EFB2832BE666CB00938603 /* CoinCell.swift */ = {isa = PBXFileReference; lastKnownFileType = sourcecode.swift; path = CoinCell.swift; sourceTree = "<group>"; };
		10EFB2852BE6876A00938603 /* DetailController.swift */ = {isa = PBXFileReference; lastKnownFileType = sourcecode.swift; path = DetailController.swift; sourceTree = "<group>"; };
/* End PBXFileReference section */

/* Begin PBXFrameworksBuildPhase section */
		1038AD6C2BE5873B003E352F /* Frameworks */ = {
			isa = PBXFrameworksBuildPhase;
			buildActionMask = 2147483647;
			files = (
				10EFB2912BE6A0D300938603 /* SDWebImageSVGNativeCoder in Frameworks */,
			);
			runOnlyForDeploymentPostprocessing = 0;
		};
/* End PBXFrameworksBuildPhase section */

/* Begin PBXGroup section */
		1038AD662BE5873B003E352F = {
			isa = PBXGroup;
			children = (
				1038AD712BE5873B003E352F /* CoinCo */,
				1038AD702BE5873B003E352F /* Products */,
			);
			sourceTree = "<group>";
		};
		1038AD702BE5873B003E352F /* Products */ = {
			isa = PBXGroup;
			children = (
				1038AD6F2BE5873B003E352F /* CoinCo.app */,
			);
			name = Products;
			sourceTree = "<group>";
		};
		1038AD712BE5873B003E352F /* CoinCo */ = {
			isa = PBXGroup;
			children = (
				10EFB27D2BE6578100938603 /* Models */,
				10EFB27C2BE6577A00938603 /* Views */,
				10EFB27B2BE6577200938603 /* ViewModels */,
				10EFB27A2BE6576B00938603 /* Controllers */,
				10EFB2792BE6576100938603 /* Supporting */,
				1038AD802BE5873C003E352F /* Info.plist */,
			);
			path = CoinCo;
			sourceTree = "<group>";
		};
		10EFB2792BE6576100938603 /* Supporting */ = {
			isa = PBXGroup;
			children = (
				10EFB27E2BE6590F00938603 /* Constants */,
				1038AD722BE5873B003E352F /* AppDelegate.swift */,
				1038AD742BE5873B003E352F /* SceneDelegate.swift */,
				1038AD7B2BE5873C003E352F /* Assets.xcassets */,
				1038AD7D2BE5873C003E352F /* LaunchScreen.storyboard */,
			);
			path = Supporting;
			sourceTree = "<group>";
		};
		10EFB27A2BE6576B00938603 /* Controllers */ = {
			isa = PBXGroup;
			children = (
				1038AD762BE5873B003E352F /* HomeController.swift */,
				10EFB2852BE6876A00938603 /* DetailController.swift */,
			);
			path = Controllers;
			sourceTree = "<group>";
		};
		10EFB27B2BE6577200938603 /* ViewModels */ = {
			isa = PBXGroup;
			children = (
			);
			path = ViewModels;
			sourceTree = "<group>";
		};
		10EFB27C2BE6577A00938603 /* Views */ = {
			isa = PBXGroup;
			children = (
				10EFB2832BE666CB00938603 /* CoinCell.swift */,
			);
			path = Views;
			sourceTree = "<group>";
		};
		10EFB27D2BE6578100938603 /* Models */ = {
			isa = PBXGroup;
			children = (
				10EFB2812BE663A700938603 /* CoinModel.swift */,
			);
			path = Models;
			sourceTree = "<group>";
		};
		10EFB27E2BE6590F00938603 /* Constants */ = {
			isa = PBXGroup;
			children = (
				10EFB27F2BE6596000938603 /* Constants.swift */,
			);
			path = Constants;
			sourceTree = "<group>";
		};
/* End PBXGroup section */

/* Begin PBXNativeTarget section */
		1038AD6E2BE5873B003E352F /* CoinCo */ = {
			isa = PBXNativeTarget;
			buildConfigurationList = 1038AD832BE5873C003E352F /* Build configuration list for PBXNativeTarget "CoinCo" */;
			buildPhases = (
				1038AD6B2BE5873B003E352F /* Sources */,
				1038AD6C2BE5873B003E352F /* Frameworks */,
				1038AD6D2BE5873B003E352F /* Resources */,
			);
			buildRules = (
			);
			dependencies = (
			);
			name = CoinCo;
			packageProductDependencies = (
				10EFB2902BE6A0D300938603 /* SDWebImageSVGNativeCoder */,
			);
			productName = CoinCo;
			productReference = 1038AD6F2BE5873B003E352F /* CoinCo.app */;
			productType = "com.apple.product-type.application";
		};
/* End PBXNativeTarget section */

/* Begin PBXProject section */
		1038AD672BE5873B003E352F /* Project object */ = {
			isa = PBXProject;
			attributes = {
				BuildIndependentTargetsInParallel = 1;
				LastSwiftUpdateCheck = 1530;
				LastUpgradeCheck = 1530;
				TargetAttributes = {
					1038AD6E2BE5873B003E352F = {
						CreatedOnToolsVersion = 15.3;
					};
				};
			};
			buildConfigurationList = 1038AD6A2BE5873B003E352F /* Build configuration list for PBXProject "CoinCo" */;
			compatibilityVersion = "Xcode 14.0";
			developmentRegion = en;
			hasScannedForEncodings = 0;
			knownRegions = (
				en,
				Base,
			);
			mainGroup = 1038AD662BE5873B003E352F;
			packageReferences = (
				10EFB28F2BE6A0D300938603 /* XCRemoteSwiftPackageReference "SDWebImageSVGNativeCoder" */,
			);
			productRefGroup = 1038AD702BE5873B003E352F /* Products */;
			projectDirPath = "";
			projectRoot = "";
			targets = (
				1038AD6E2BE5873B003E352F /* CoinCo */,
			);
		};
/* End PBXProject section */

/* Begin PBXResourcesBuildPhase section */
		1038AD6D2BE5873B003E352F /* Resources */ = {
			isa = PBXResourcesBuildPhase;
			buildActionMask = 2147483647;
			files = (
				1038AD7C2BE5873C003E352F /* Assets.xcassets in Resources */,
				1038AD7F2BE5873C003E352F /* Base in Resources */,
			);
			runOnlyForDeploymentPostprocessing = 0;
		};
/* End PBXResourcesBuildPhase section */

/* Begin PBXSourcesBuildPhase section */
		1038AD6B2BE5873B003E352F /* Sources */ = {
			isa = PBXSourcesBuildPhase;
			buildActionMask = 2147483647;
			files = (
				10EFB2822BE663A700938603 /* CoinModel.swift in Sources */,
				10EFB2862BE6876A00938603 /* DetailController.swift in Sources */,
				1038AD772BE5873B003E352F /* HomeController.swift in Sources */,
				1038AD732BE5873B003E352F /* AppDelegate.swift in Sources */,
				1038AD752BE5873B003E352F /* SceneDelegate.swift in Sources */,
				10EFB2842BE666CB00938603 /* CoinCell.swift in Sources */,
				10EFB2802BE6596000938603 /* Constants.swift in Sources */,
			);
			runOnlyForDeploymentPostprocessing = 0;
		};
/* End PBXSourcesBuildPhase section */

/* Begin PBXVariantGroup section */
		1038AD7D2BE5873C003E352F /* LaunchScreen.storyboard */ = {
			isa = PBXVariantGroup;
			children = (
				1038AD7E2BE5873C003E352F /* Base */,
			);
			name = LaunchScreen.storyboard;
			sourceTree = "<group>";
		};
/* End PBXVariantGroup section */

/* Begin XCBuildConfiguration section */
		1038AD812BE5873C003E352F /* Debug */ = {
			isa = XCBuildConfiguration;
			buildSettings = {
				ALWAYS_SEARCH_USER_PATHS = NO;
				ASSETCATALOG_COMPILER_GENERATE_SWIFT_ASSET_SYMBOL_EXTENSIONS = YES;
				CLANG_ANALYZER_NONNULL = YES;
				CLANG_ANALYZER_NUMBER_OBJECT_CONVERSION = YES_AGGRESSIVE;
				CLANG_CXX_LANGUAGE_STANDARD = "gnu++20";
				CLANG_ENABLE_MODULES = YES;
				CLANG_ENABLE_OBJC_ARC = YES;
				CLANG_ENABLE_OBJC_WEAK = YES;
				CLANG_WARN_BLOCK_CAPTURE_AUTORELEASING = YES;
				CLANG_WARN_BOOL_CONVERSION = YES;
				CLANG_WARN_COMMA = YES;
				CLANG_WARN_CONSTANT_CONVERSION = YES;
				CLANG_WARN_DEPRECATED_OBJC_IMPLEMENTATIONS = YES;
				CLANG_WARN_DIRECT_OBJC_ISA_USAGE = YES_ERROR;
				CLANG_WARN_DOCUMENTATION_COMMENTS = YES;
				CLANG_WARN_EMPTY_BODY = YES;
				CLANG_WARN_ENUM_CONVERSION = YES;
				CLANG_WARN_INFINITE_RECURSION = YES;
				CLANG_WARN_INT_CONVERSION = YES;
				CLANG_WARN_NON_LITERAL_NULL_CONVERSION = YES;
				CLANG_WARN_OBJC_IMPLICIT_RETAIN_SELF = YES;
				CLANG_WARN_OBJC_LITERAL_CONVERSION = YES;
				CLANG_WARN_OBJC_ROOT_CLASS = YES_ERROR;
				CLANG_WARN_QUOTED_INCLUDE_IN_FRAMEWORK_HEADER = YES;
				CLANG_WARN_RANGE_LOOP_ANALYSIS = YES;
				CLANG_WARN_STRICT_PROTOTYPES = YES;
				CLANG_WARN_SUSPICIOUS_MOVE = YES;
				CLANG_WARN_UNGUARDED_AVAILABILITY = YES_AGGRESSIVE;
				CLANG_WARN_UNREACHABLE_CODE = YES;
				CLANG_WARN__DUPLICATE_METHOD_MATCH = YES;
				COPY_PHASE_STRIP = NO;
				DEBUG_INFORMATION_FORMAT = dwarf;
				ENABLE_STRICT_OBJC_MSGSEND = YES;
				ENABLE_TESTABILITY = YES;
				ENABLE_USER_SCRIPT_SANDBOXING = YES;
				GCC_C_LANGUAGE_STANDARD = gnu17;
				GCC_DYNAMIC_NO_PIC = NO;
				GCC_NO_COMMON_BLOCKS = YES;
				GCC_OPTIMIZATION_LEVEL = 0;
				GCC_PREPROCESSOR_DEFINITIONS = (
					"DEBUG=1",
					"$(inherited)",
				);
				GCC_WARN_64_TO_32_BIT_CONVERSION = YES;
				GCC_WARN_ABOUT_RETURN_TYPE = YES_ERROR;
				GCC_WARN_UNDECLARED_SELECTOR = YES;
				GCC_WARN_UNINITIALIZED_AUTOS = YES_AGGRESSIVE;
				GCC_WARN_UNUSED_FUNCTION = YES;
				GCC_WARN_UNUSED_VARIABLE = YES;
				IPHONEOS_DEPLOYMENT_TARGET = 17.4;
				LOCALIZATION_PREFERS_STRING_CATALOGS = YES;
				MTL_ENABLE_DEBUG_INFO = INCLUDE_SOURCE;
				MTL_FAST_MATH = YES;
				ONLY_ACTIVE_ARCH = YES;
				SDKROOT = iphoneos;
				SWIFT_ACTIVE_COMPILATION_CONDITIONS = "DEBUG $(inherited)";
				SWIFT_OPTIMIZATION_LEVEL = "-Onone";
			};
			name = Debug;
		};
		1038AD822BE5873C003E352F /* Release */ = {
			isa = XCBuildConfiguration;
			buildSettings = {
				ALWAYS_SEARCH_USER_PATHS = NO;
				ASSETCATALOG_COMPILER_GENERATE_SWIFT_ASSET_SYMBOL_EXTENSIONS = YES;
				CLANG_ANALYZER_NONNULL = YES;
				CLANG_ANALYZER_NUMBER_OBJECT_CONVERSION = YES_AGGRESSIVE;
				CLANG_CXX_LANGUAGE_STANDARD = "gnu++20";
				CLANG_ENABLE_MODULES = YES;
				CLANG_ENABLE_OBJC_ARC = YES;
				CLANG_ENABLE_OBJC_WEAK = YES;
				CLANG_WARN_BLOCK_CAPTURE_AUTORELEASING = YES;
				CLANG_WARN_BOOL_CONVERSION = YES;
				CLANG_WARN_COMMA = YES;
				CLANG_WARN_CONSTANT_CONVERSION = YES;
				CLANG_WARN_DEPRECATED_OBJC_IMPLEMENTATIONS = YES;
				CLANG_WARN_DIRECT_OBJC_ISA_USAGE = YES_ERROR;
				CLANG_WARN_DOCUMENTATION_COMMENTS = YES;
				CLANG_WARN_EMPTY_BODY = YES;
				CLANG_WARN_ENUM_CONVERSION = YES;
				CLANG_WARN_INFINITE_RECURSION = YES;
				CLANG_WARN_INT_CONVERSION = YES;
				CLANG_WARN_NON_LITERAL_NULL_CONVERSION = YES;
				CLANG_WARN_OBJC_IMPLICIT_RETAIN_SELF = YES;
				CLANG_WARN_OBJC_LITERAL_CONVERSION = YES;
				CLANG_WARN_OBJC_ROOT_CLASS = YES_ERROR;
				CLANG_WARN_QUOTED_INCLUDE_IN_FRAMEWORK_HEADER = YES;
				CLANG_WARN_RANGE_LOOP_ANALYSIS = YES;
				CLANG_WARN_STRICT_PROTOTYPES = YES;
				CLANG_WARN_SUSPICIOUS_MOVE = YES;
				CLANG_WARN_UNGUARDED_AVAILABILITY = YES_AGGRESSIVE;
				CLANG_WARN_UNREACHABLE_CODE = YES;
				CLANG_WARN__DUPLICATE_METHOD_MATCH = YES;
				COPY_PHASE_STRIP = NO;
				DEBUG_INFORMATION_FORMAT = "dwarf-with-dsym";
				ENABLE_NS_ASSERTIONS = NO;
				ENABLE_STRICT_OBJC_MSGSEND = YES;
				ENABLE_USER_SCRIPT_SANDBOXING = YES;
				GCC_C_LANGUAGE_STANDARD = gnu17;
				GCC_NO_COMMON_BLOCKS = YES;
				GCC_WARN_64_TO_32_BIT_CONVERSION = YES;
				GCC_WARN_ABOUT_RETURN_TYPE = YES_ERROR;
				GCC_WARN_UNDECLARED_SELECTOR = YES;
				GCC_WARN_UNINITIALIZED_AUTOS = YES_AGGRESSIVE;
				GCC_WARN_UNUSED_FUNCTION = YES;
				GCC_WARN_UNUSED_VARIABLE = YES;
				IPHONEOS_DEPLOYMENT_TARGET = 17.4;
				LOCALIZATION_PREFERS_STRING_CATALOGS = YES;
				MTL_ENABLE_DEBUG_INFO = NO;
				MTL_FAST_MATH = YES;
				SDKROOT = iphoneos;
				SWIFT_COMPILATION_MODE = wholemodule;
				VALIDATE_PRODUCT = YES;
			};
			name = Release;
		};
		1038AD842BE5873C003E352F /* Debug */ = {
			isa = XCBuildConfiguration;
			buildSettings = {
				ASSETCATALOG_COMPILER_APPICON_NAME = AppIcon;
				ASSETCATALOG_COMPILER_GLOBAL_ACCENT_COLOR_NAME = AccentColor;
				CODE_SIGN_STYLE = Automatic;
				CURRENT_PROJECT_VERSION = 1;
				DEVELOPMENT_TEAM = 64Q2K37LS4;
				GENERATE_INFOPLIST_FILE = YES;
				INFOPLIST_FILE = CoinCo/Info.plist;
				INFOPLIST_KEY_UIApplicationSupportsIndirectInputEvents = YES;
				INFOPLIST_KEY_UILaunchStoryboardName = LaunchScreen;
				INFOPLIST_KEY_UISupportedInterfaceOrientations_iPad = "UIInterfaceOrientationPortrait UIInterfaceOrientationPortraitUpsideDown UIInterfaceOrientationLandscapeLeft UIInterfaceOrientationLandscapeRight";
				INFOPLIST_KEY_UISupportedInterfaceOrientations_iPhone = "UIInterfaceOrientationPortrait UIInterfaceOrientationLandscapeLeft UIInterfaceOrientationLandscapeRight";
				LD_RUNPATH_SEARCH_PATHS = (
					"$(inherited)",
					"@executable_path/Frameworks",
				);
				MARKETING_VERSION = 1.0;
				PRODUCT_BUNDLE_IDENTIFIER = me.gul.guray.CoinCo;
				PRODUCT_NAME = "$(TARGET_NAME)";
				SWIFT_EMIT_LOC_STRINGS = YES;
				SWIFT_VERSION = 5.0;
				TARGETED_DEVICE_FAMILY = "1,2";
			};
			name = Debug;
		};
		1038AD852BE5873C003E352F /* Release */ = {
			isa = XCBuildConfiguration;
			buildSettings = {
				ASSETCATALOG_COMPILER_APPICON_NAME = AppIcon;
				ASSETCATALOG_COMPILER_GLOBAL_ACCENT_COLOR_NAME = AccentColor;
				CODE_SIGN_STYLE = Automatic;
				CURRENT_PROJECT_VERSION = 1;
				DEVELOPMENT_TEAM = 64Q2K37LS4;
				GENERATE_INFOPLIST_FILE = YES;
				INFOPLIST_FILE = CoinCo/Info.plist;
				INFOPLIST_KEY_UIApplicationSupportsIndirectInputEvents = YES;
				INFOPLIST_KEY_UILaunchStoryboardName = LaunchScreen;
				INFOPLIST_KEY_UISupportedInterfaceOrientations_iPad = "UIInterfaceOrientationPortrait UIInterfaceOrientationPortraitUpsideDown UIInterfaceOrientationLandscapeLeft UIInterfaceOrientationLandscapeRight";
				INFOPLIST_KEY_UISupportedInterfaceOrientations_iPhone = "UIInterfaceOrientationPortrait UIInterfaceOrientationLandscapeLeft UIInterfaceOrientationLandscapeRight";
				LD_RUNPATH_SEARCH_PATHS = (
					"$(inherited)",
					"@executable_path/Frameworks",
				);
				MARKETING_VERSION = 1.0;
				PRODUCT_BUNDLE_IDENTIFIER = me.gul.guray.CoinCo;
				PRODUCT_NAME = "$(TARGET_NAME)";
				SWIFT_EMIT_LOC_STRINGS = YES;
				SWIFT_VERSION = 5.0;
				TARGETED_DEVICE_FAMILY = "1,2";
			};
			name = Release;
		};
/* End XCBuildConfiguration section */

/* Begin XCConfigurationList section */
		1038AD6A2BE5873B003E352F /* Build configuration list for PBXProject "CoinCo" */ = {
			isa = XCConfigurationList;
			buildConfigurations = (
				1038AD812BE5873C003E352F /* Debug */,
				1038AD822BE5873C003E352F /* Release */,
			);
			defaultConfigurationIsVisible = 0;
			defaultConfigurationName = Release;
		};
		1038AD832BE5873C003E352F /* Build configuration list for PBXNativeTarget "CoinCo" */ = {
			isa = XCConfigurationList;
			buildConfigurations = (
				1038AD842BE5873C003E352F /* Debug */,
				1038AD852BE5873C003E352F /* Release */,
			);
			defaultConfigurationIsVisible = 0;
			defaultConfigurationName = Release;
		};
/* End XCConfigurationList section */

/* Begin XCRemoteSwiftPackageReference section */
		10EFB28F2BE6A0D300938603 /* XCRemoteSwiftPackageReference "SDWebImageSVGNativeCoder" */ = {
			isa = XCRemoteSwiftPackageReference;
			repositoryURL = "https://github.com/SDWebImage/SDWebImageSVGNativeCoder.git";
			requirement = {
				kind = upToNextMajorVersion;
				minimumVersion = 0.2.0;
			};
		};
/* End XCRemoteSwiftPackageReference section */

/* Begin XCSwiftPackageProductDependency section */
		10EFB2902BE6A0D300938603 /* SDWebImageSVGNativeCoder */ = {
			isa = XCSwiftPackageProductDependency;
			package = 10EFB28F2BE6A0D300938603 /* XCRemoteSwiftPackageReference "SDWebImageSVGNativeCoder" */;
			productName = SDWebImageSVGNativeCoder;
		};
/* End XCSwiftPackageProductDependency section */
	};
	rootObject = 1038AD672BE5873B003E352F /* Project object */;
}
