{
  "originHash" : "d653981cbeb87452dda2f5918562a510a9a3d0190312b4005768bb67355bec73",
  "pins" : [
    {
      "identity" : "sdwebimage",
      "kind" : "remoteSourceControl",
      "location" : "https://github.com/SDWebImage/SDWebImage.git",
      "state" : {
        "revision" : "f6afa0132961d593f07970d84e2d8b588c29ea04",
        "version" : "5.19.1"
      }
    },
    {
      "identity" : "sdwebimagesvgnativecoder",
      "kind" : "remoteSourceControl",
      "location" : "https://github.com/SDWebImage/SDWebImageSVGNativeCoder.git",
      "state" : {
        "revision" : "09a6199bbc0899c90382e734bbe07850eae2aa83",
        "version" : "0.2.0"
      }
    },
    {
      "identity" : "svgnative-xcode",
      "kind" : "remoteSourceControl",
      "location" : "https://github.com/SDWebImage/svgnative-Xcode.git",
      "state" : {
        "revision" : "de560bb9f69bc89f4624855998148eb6e0bb8e60",
        "version" : "0.1.0"
      }
    }
  ],
  "version" : 3
}
